
Microsoft Visual Studio Solution File, Format Version 12.00
# Visual Studio Version 17
VisualStudioVersion = 17.2.32526.322
MinimumVisualStudioVersion = 10.0.40219.1
Project("{FAE04EC0-301F-11D3-BF4B-00C04F79EFBC}") = "NGCOREAPP", "NGCOREAPP\NGCOREAPP.csproj", "{DAAC37C2-50B8-440D-97C3-EF5DA37B3E70}"
EndProject
Global
	GlobalSection(SolutionConfigurationPlatforms) = preSolution
		Debug|Any CPU = Debug|Any CPU
		Release|Any CPU = Release|Any CPU
	EndGlobalSection
	GlobalSection(ProjectConfigurationPlatforms) = postSolution
		{DAAC37C2-50B8-440D-97C3-EF5DA37B3E70}.Debug|Any CPU.ActiveCfg = Debug|Any CPU
		{DAAC37C2-50B8-440D-97C3-EF5DA37B3E70}.Debug|Any CPU.Build.0 = Debug|Any CPU
		{DAAC37C2-50B8-440D-97C3-EF5DA37B3E70}.Release|Any CPU.ActiveCfg = Release|Any CPU
		{DAAC37C2-50B8-440D-97C3-EF5DA37B3E70}.Release|Any CPU.Build.0 = Release|Any CPU
	EndGlobalSection
	GlobalSection(SolutionProperties) = preSolution
		HideSolutionNode = FALSE
	EndGlobalSection
	GlobalSection(ExtensibilityGlobals) = postSolution
		SolutionGuid = {DC9A3E6C-E882-4DED-A0DD-DFA1EBA2564B}
	EndGlobalSection
EndGlobal
